
Microsoft Visual Studio Solution File, Format Version 12.00
# Visual Studio 15
VisualStudioVersion = 15.0.28307.1758
MinimumVisualStudioVersion = 10.0.40219.1
Project("{FAE04EC0-301F-11D3-BF4B-00C04F79EFBC}") = "ConsoleCalculator", "ConsoleCalculator\ConsoleCalculator.csproj", "{86032FF8-90CE-416B-B4E9-B58273BFD130}"
EndProject
Project("{FAE04EC0-301F-11D3-BF4B-00C04F79EFBC}") = "CalculatorConsole_V2", "CalculatorConsole_V2\CalculatorConsole_V2.csproj", "{262D0D7A-C90A-43DE-9ABF-18FF870D2A86}"
EndProject
Project("{FAE04EC0-301F-11D3-BF4B-00C04F79EFBC}") = "CalculatorConsole_V3", "CalculatorConsole_V3\CalculatorConsole_V3.csproj", "{D4A39A1D-C5C8-4F46-BDDE-754EFE0B99F2}"
EndProject
Project("{FAE04EC0-301F-11D3-BF4B-00C04F79EFBC}") = "CalculatorConsole_V4", "CalculatorConsole_V4\CalculatorConsole_V4.csproj", "{48446CC9-3FAD-467C-9468-6C8117438B6E}"
EndProject
Global
	GlobalSection(SolutionConfigurationPlatforms) = preSolution
		Debug|Any CPU = Debug|Any CPU
		Release|Any CPU = Release|Any CPU
	EndGlobalSection
	GlobalSection(ProjectConfigurationPlatforms) = postSolution
		{86032FF8-90CE-416B-B4E9-B58273BFD130}.Debug|Any CPU.ActiveCfg = Debug|Any CPU
		{86032FF8-90CE-416B-B4E9-B58273BFD130}.Debug|Any CPU.Build.0 = Debug|Any CPU
		{86032FF8-90CE-416B-B4E9-B58273BFD130}.Release|Any CPU.ActiveCfg = Release|Any CPU
		{86032FF8-90CE-416B-B4E9-B58273BFD130}.Release|Any CPU.Build.0 = Release|Any CPU
		{262D0D7A-C90A-43DE-9ABF-18FF870D2A86}.Debug|Any CPU.ActiveCfg = Debug|Any CPU
		{262D0D7A-C90A-43DE-9ABF-18FF870D2A86}.Debug|Any CPU.Build.0 = Debug|Any CPU
		{262D0D7A-C90A-43DE-9ABF-18FF870D2A86}.Release|Any CPU.ActiveCfg = Release|Any CPU
		{262D0D7A-C90A-43DE-9ABF-18FF870D2A86}.Release|Any CPU.Build.0 = Release|Any CPU
		{D4A39A1D-C5C8-4F46-BDDE-754EFE0B99F2}.Debug|Any CPU.ActiveCfg = Debug|Any CPU
		{D4A39A1D-C5C8-4F46-BDDE-754EFE0B99F2}.Debug|Any CPU.Build.0 = Debug|Any CPU
		{D4A39A1D-C5C8-4F46-BDDE-754EFE0B99F2}.Release|Any CPU.ActiveCfg = Release|Any CPU
		{D4A39A1D-C5C8-4F46-BDDE-754EFE0B99F2}.Release|Any CPU.Build.0 = Release|Any CPU
		{48446CC9-3FAD-467C-9468-6C8117438B6E}.Debug|Any CPU.ActiveCfg = Debug|Any CPU
		{48446CC9-3FAD-467C-9468-6C8117438B6E}.Debug|Any CPU.Build.0 = Debug|Any CPU
		{48446CC9-3FAD-467C-9468-6C8117438B6E}.Release|Any CPU.ActiveCfg = Release|Any CPU
		{48446CC9-3FAD-467C-9468-6C8117438B6E}.Release|Any CPU.Build.0 = Release|Any CPU
	EndGlobalSection
	GlobalSection(SolutionProperties) = preSolution
		HideSolutionNode = FALSE
	EndGlobalSection
	GlobalSection(ExtensibilityGlobals) = postSolution
		SolutionGuid = {5E6DAB51-1D40-4EF1-823B-091D6BF3BB35}
	EndGlobalSection
EndGlobal
